
Microsoft Visual Studio Solution File, Format Version 12.00
# Visual Studio Version 16
VisualStudioVersion = 16.0.29318.209
MinimumVisualStudioVersion = 10.0.40219.1
Project("{9A19103F-16F7-4668-BE54-9A1E7A4F7556}") = "NitsyBot", "NitsyBot\NitsyBot.csproj", "{DDFBF6F2-9157-4071-99BB-453DA78A447D}"
EndProject
Project("{2150E333-8FDC-42A3-9474-1A3956D46DE8}") = "Solution Items", "Solution Items", "{4B1A74AC-25A8-42EC-88F9-2D07ABCAB9B6}"
EndProject
Global
	GlobalSection(SolutionConfigurationPlatforms) = preSolution
		Debug|Any CPU = Debug|Any CPU
		Release|Any CPU = Release|Any CPU
	EndGlobalSection
	GlobalSection(ProjectConfigurationPlatforms) = postSolution
		{DDFBF6F2-9157-4071-99BB-453DA78A447D}.Debug|Any CPU.ActiveCfg = Debug|Any CPU
		{DDFBF6F2-9157-4071-99BB-453DA78A447D}.Debug|Any CPU.Build.0 = Debug|Any CPU
		{DDFBF6F2-9157-4071-99BB-453DA78A447D}.Release|Any CPU.ActiveCfg = Release|Any CPU
		{DDFBF6F2-9157-4071-99BB-453DA78A447D}.Release|Any CPU.Build.0 = Release|Any CPU
	EndGlobalSection
	GlobalSection(SolutionProperties) = preSolution
		HideSolutionNode = FALSE
	EndGlobalSection
	GlobalSection(ExtensibilityGlobals) = postSolution
		SolutionGuid = {88F76E2F-72F7-4033-BF3B-18427F8440CD}
	EndGlobalSection
EndGlobal
